PODS:
  - EasyRefresher (1.2.2)
  - lottie-ios (3.1.9)
  - RPCircularProgress (0.5.0)
  - WZTabbarController (1.0.5):
    - WZTabbarController/Source (= 1.0.5)
  - WZTabbarController/Source (1.0.5)

DEPENDENCIES:
  - EasyRefresher (~> 1.2.1)
  - lottie-ios (~> 3.1.2)
  - RPCircularProgress (~> 0.5.0)
  - WZTabbarController (from `../`)

SPEC REPOS:
  trunk:
    - EasyRefresher
    - lottie-ios
    - RPCircularProgress

EXTERNAL SOURCES:
  WZTabbarController:
    :path: "../"

SPEC CHECKSUMS:
  EasyRefresher: 8d9eaceeb27684290444e85edd97b4f314e8ba80
  lottie-ios: 3a3758ef5a008e762faec9c9d50a39842f26d124
  RPCircularProgress: 4499d4a1453dfbd3fe5bd8c6f344fd51cff3ad00
  WZTabbarController: 1bcaf2866303a9f8dde51bd5a8e4597e54ed1f76

PODFILE CHECKSUM: 07be4a2a63c86792a4066753f6ff231490d97892

COCOAPODS: 1.12.1
